github.com/dillonzq/LoveIt v0.3.0 h1:nOMfGJLp3czoeBn58+r0PD0chxauix7+rwY0BWPbH3Y=
github.com/dillonzq/LoveIt v0.3.0/go.mod h1:6IBQv4PKou3cERt0xcxud81O793taOmJqYKXn1eNPB4=
github.com/gethinode/hinode v1.11.1 h1:xVUI5r6ECo136UCSv6qo0Glo7Oe5wnBWn/ucyuioEEw=
github.com/gethinode/hinode v1.11.1/go.mod h1:ph5XKBDg27Q5Je8TPEfQ0Ii1cbGWFVJcWfuVGkzSGaM=
